
Microsoft Visual Studio Solution File, Format Version 12.00
# Visual Studio 14
VisualStudioVersion = 14.0.23107.0
MinimumVisualStudioVersion = 10.0.40219.1
Project("{8BC9CEB8-8B4A-11D0-8D11-00A0C91BC942}") = "rational", "rational2\rational2.vcxproj", "{E5854CDB-8ACC-44E1-8F2D-2A6AD4B09E63}"
EndProject
Project("{8BC9CEB8-8B4A-11D0-8D11-00A0C91BC942}") = "complex", "complex\complex.vcxproj", "{6E81BFCB-4F1E-4784-ADF5-B569D1E7B36F}"
EndProject
Project("{8BC9CEB8-8B4A-11D0-8D11-00A0C91BC942}") = "R3Vector", "R3Vector\R3Vector.vcxproj", "{7E246181-FD07-4BAD-AB3D-1FE500D036DE}"
EndProject
Project("{8BC9CEB8-8B4A-11D0-8D11-00A0C91BC942}") = "znvector", "znvector\znvector.vcxproj", "{F79775C6-F130-4790-B8C9-16F741578B54}"
EndProject
Project("{8BC9CEB8-8B4A-11D0-8D11-00A0C91BC942}") = "matrixarr", "matrixarr\matrixarr.vcxproj", "{33B153BA-00CC-4DC4-9A02-AE60034D0A42}"
EndProject
Project("{8BC9CEB8-8B4A-11D0-8D11-00A0C91BC942}") = "WordFreq(не работает)", "WordFreq\WordFreq.vcxproj", "{5C6F892A-DA59-4657-BEE8-86DCCE8627B2}"
EndProject
Project("{8BC9CEB8-8B4A-11D0-8D11-00A0C91BC942}") = "matrixnec", "matrixnec\matrixnec.vcxproj", "{C1618B62-9788-4122-B098-C46E3451A27F}"
EndProject
Project("{8BC9CEB8-8B4A-11D0-8D11-00A0C91BC942}") = "queuearr", "queuearr\queuearr.vcxproj", "{D44AD206-E27C-4119-9FE0-8F8C2A10C18C}"
EndProject
Project("{8BC9CEB8-8B4A-11D0-8D11-00A0C91BC942}") = "queuelst", "queuelst\queuelst.vcxproj", "{AF7A82C7-5886-40A6-A0E5-CF6B394C2700}"
EndProject
Project("{8BC9CEB8-8B4A-11D0-8D11-00A0C91BC942}") = "stackarr", "stackarr\stackarr.vcxproj", "{1AC35969-E02C-41D0-9067-22CA815F618B}"
EndProject
Project("{8BC9CEB8-8B4A-11D0-8D11-00A0C91BC942}") = "stacklst", "stacklst\stacklst.vcxproj", "{6AF9A5ED-682F-44C5-AF7B-B291878D4965}"
EndProject
Global
	GlobalSection(SolutionConfigurationPlatforms) = preSolution
		Debug|x64 = Debug|x64
		Debug|x86 = Debug|x86
		Release|x64 = Release|x64
		Release|x86 = Release|x86
	EndGlobalSection
	GlobalSection(ProjectConfigurationPlatforms) = postSolution
		{E5854CDB-8ACC-44E1-8F2D-2A6AD4B09E63}.Debug|x64.ActiveCfg = Debug|x64
		{E5854CDB-8ACC-44E1-8F2D-2A6AD4B09E63}.Debug|x64.Build.0 = Debug|x64
		{E5854CDB-8ACC-44E1-8F2D-2A6AD4B09E63}.Debug|x86.ActiveCfg = Debug|Win32
		{E5854CDB-8ACC-44E1-8F2D-2A6AD4B09E63}.Debug|x86.Build.0 = Debug|Win32
		{E5854CDB-8ACC-44E1-8F2D-2A6AD4B09E63}.Release|x64.ActiveCfg = Release|x64
		{E5854CDB-8ACC-44E1-8F2D-2A6AD4B09E63}.Release|x64.Build.0 = Release|x64
		{E5854CDB-8ACC-44E1-8F2D-2A6AD4B09E63}.Release|x86.ActiveCfg = Release|Win32
		{E5854CDB-8ACC-44E1-8F2D-2A6AD4B09E63}.Release|x86.Build.0 = Release|Win32
		{6E81BFCB-4F1E-4784-ADF5-B569D1E7B36F}.Debug|x64.ActiveCfg = Debug|x64
		{6E81BFCB-4F1E-4784-ADF5-B569D1E7B36F}.Debug|x64.Build.0 = Debug|x64
		{6E81BFCB-4F1E-4784-ADF5-B569D1E7B36F}.Debug|x86.ActiveCfg = Debug|Win32
		{6E81BFCB-4F1E-4784-ADF5-B569D1E7B36F}.Debug|x86.Build.0 = Debug|Win32
		{6E81BFCB-4F1E-4784-ADF5-B569D1E7B36F}.Release|x64.ActiveCfg = Release|x64
		{6E81BFCB-4F1E-4784-ADF5-B569D1E7B36F}.Release|x64.Build.0 = Release|x64
		{6E81BFCB-4F1E-4784-ADF5-B569D1E7B36F}.Release|x86.ActiveCfg = Release|Win32
		{6E81BFCB-4F1E-4784-ADF5-B569D1E7B36F}.Release|x86.Build.0 = Release|Win32
		{7E246181-FD07-4BAD-AB3D-1FE500D036DE}.Debug|x64.ActiveCfg = Debug|x64
		{7E246181-FD07-4BAD-AB3D-1FE500D036DE}.Debug|x64.Build.0 = Debug|x64
		{7E246181-FD07-4BAD-AB3D-1FE500D036DE}.Debug|x86.ActiveCfg = Debug|Win32
		{7E246181-FD07-4BAD-AB3D-1FE500D036DE}.Debug|x86.Build.0 = Debug|Win32
		{7E246181-FD07-4BAD-AB3D-1FE500D036DE}.Release|x64.ActiveCfg = Release|x64
		{7E246181-FD07-4BAD-AB3D-1FE500D036DE}.Release|x64.Build.0 = Release|x64
		{7E246181-FD07-4BAD-AB3D-1FE500D036DE}.Release|x86.ActiveCfg = Release|Win32
		{7E246181-FD07-4BAD-AB3D-1FE500D036DE}.Release|x86.Build.0 = Release|Win32
		{F79775C6-F130-4790-B8C9-16F741578B54}.Debug|x64.ActiveCfg = Debug|x64
		{F79775C6-F130-4790-B8C9-16F741578B54}.Debug|x64.Build.0 = Debug|x64
		{F79775C6-F130-4790-B8C9-16F741578B54}.Debug|x86.ActiveCfg = Debug|Win32
		{F79775C6-F130-4790-B8C9-16F741578B54}.Debug|x86.Build.0 = Debug|Win32
		{F79775C6-F130-4790-B8C9-16F741578B54}.Release|x64.ActiveCfg = Release|x64
		{F79775C6-F130-4790-B8C9-16F741578B54}.Release|x64.Build.0 = Release|x64
		{F79775C6-F130-4790-B8C9-16F741578B54}.Release|x86.ActiveCfg = Release|Win32
		{F79775C6-F130-4790-B8C9-16F741578B54}.Release|x86.Build.0 = Release|Win32
		{33B153BA-00CC-4DC4-9A02-AE60034D0A42}.Debug|x64.ActiveCfg = Debug|x64
		{33B153BA-00CC-4DC4-9A02-AE60034D0A42}.Debug|x64.Build.0 = Debug|x64
		{33B153BA-00CC-4DC4-9A02-AE60034D0A42}.Debug|x86.ActiveCfg = Debug|Win32
		{33B153BA-00CC-4DC4-9A02-AE60034D0A42}.Debug|x86.Build.0 = Debug|Win32
		{33B153BA-00CC-4DC4-9A02-AE60034D0A42}.Release|x64.ActiveCfg = Release|x64
		{33B153BA-00CC-4DC4-9A02-AE60034D0A42}.Release|x64.Build.0 = Release|x64
		{33B153BA-00CC-4DC4-9A02-AE60034D0A42}.Release|x86.ActiveCfg = Release|Win32
		{33B153BA-00CC-4DC4-9A02-AE60034D0A42}.Release|x86.Build.0 = Release|Win32
		{5C6F892A-DA59-4657-BEE8-86DCCE8627B2}.Debug|x64.ActiveCfg = Debug|x64
		{5C6F892A-DA59-4657-BEE8-86DCCE8627B2}.Debug|x64.Build.0 = Debug|x64
		{5C6F892A-DA59-4657-BEE8-86DCCE8627B2}.Debug|x86.ActiveCfg = Debug|Win32
		{5C6F892A-DA59-4657-BEE8-86DCCE8627B2}.Debug|x86.Build.0 = Debug|Win32
		{5C6F892A-DA59-4657-BEE8-86DCCE8627B2}.Release|x64.ActiveCfg = Release|x64
		{5C6F892A-DA59-4657-BEE8-86DCCE8627B2}.Release|x64.Build.0 = Release|x64
		{5C6F892A-DA59-4657-BEE8-86DCCE8627B2}.Release|x86.ActiveCfg = Release|Win32
		{5C6F892A-DA59-4657-BEE8-86DCCE8627B2}.Release|x86.Build.0 = Release|Win32
		{C1618B62-9788-4122-B098-C46E3451A27F}.Debug|x64.ActiveCfg = Debug|x64
		{C1618B62-9788-4122-B098-C46E3451A27F}.Debug|x64.Build.0 = Debug|x64
		{C1618B62-9788-4122-B098-C46E3451A27F}.Debug|x86.ActiveCfg = Debug|Win32
		{C1618B62-9788-4122-B098-C46E3451A27F}.Debug|x86.Build.0 = Debug|Win32
		{C1618B62-9788-4122-B098-C46E3451A27F}.Release|x64.ActiveCfg = Release|x64
		{C1618B62-9788-4122-B098-C46E3451A27F}.Release|x64.Build.0 = Release|x64
		{C1618B62-9788-4122-B098-C46E3451A27F}.Release|x86.ActiveCfg = Release|Win32
		{C1618B62-9788-4122-B098-C46E3451A27F}.Release|x86.Build.0 = Release|Win32
		{D44AD206-E27C-4119-9FE0-8F8C2A10C18C}.Debug|x64.ActiveCfg = Debug|x64
		{D44AD206-E27C-4119-9FE0-8F8C2A10C18C}.Debug|x64.Build.0 = Debug|x64
		{D44AD206-E27C-4119-9FE0-8F8C2A10C18C}.Debug|x86.ActiveCfg = Debug|Win32
		{D44AD206-E27C-4119-9FE0-8F8C2A10C18C}.Debug|x86.Build.0 = Debug|Win32
		{D44AD206-E27C-4119-9FE0-8F8C2A10C18C}.Release|x64.ActiveCfg = Release|x64
		{D44AD206-E27C-4119-9FE0-8F8C2A10C18C}.Release|x64.Build.0 = Release|x64
		{D44AD206-E27C-4119-9FE0-8F8C2A10C18C}.Release|x86.ActiveCfg = Release|Win32
		{D44AD206-E27C-4119-9FE0-8F8C2A10C18C}.Release|x86.Build.0 = Release|Win32
		{AF7A82C7-5886-40A6-A0E5-CF6B394C2700}.Debug|x64.ActiveCfg = Debug|x64
		{AF7A82C7-5886-40A6-A0E5-CF6B394C2700}.Debug|x64.Build.0 = Debug|x64
		{AF7A82C7-5886-40A6-A0E5-CF6B394C2700}.Debug|x86.ActiveCfg = Debug|Win32
		{AF7A82C7-5886-40A6-A0E5-CF6B394C2700}.Debug|x86.Build.0 = Debug|Win32
		{AF7A82C7-5886-40A6-A0E5-CF6B394C2700}.Release|x64.ActiveCfg = Release|x64
		{AF7A82C7-5886-40A6-A0E5-CF6B394C2700}.Release|x64.Build.0 = Release|x64
		{AF7A82C7-5886-40A6-A0E5-CF6B394C2700}.Release|x86.ActiveCfg = Release|Win32
		{AF7A82C7-5886-40A6-A0E5-CF6B394C2700}.Release|x86.Build.0 = Release|Win32
		{1AC35969-E02C-41D0-9067-22CA815F618B}.Debug|x64.ActiveCfg = Debug|x64
		{1AC35969-E02C-41D0-9067-22CA815F618B}.Debug|x64.Build.0 = Debug|x64
		{1AC35969-E02C-41D0-9067-22CA815F618B}.Debug|x86.ActiveCfg = Debug|Win32
		{1AC35969-E02C-41D0-9067-22CA815F618B}.Debug|x86.Build.0 = Debug|Win32
		{1AC35969-E02C-41D0-9067-22CA815F618B}.Release|x64.ActiveCfg = Release|x64
		{1AC35969-E02C-41D0-9067-22CA815F618B}.Release|x64.Build.0 = Release|x64
		{1AC35969-E02C-41D0-9067-22CA815F618B}.Release|x86.ActiveCfg = Release|Win32
		{1AC35969-E02C-41D0-9067-22CA815F618B}.Release|x86.Build.0 = Release|Win32
		{6AF9A5ED-682F-44C5-AF7B-B291878D4965}.Debug|x64.ActiveCfg = Debug|x64
		{6AF9A5ED-682F-44C5-AF7B-B291878D4965}.Debug|x64.Build.0 = Debug|x64
		{6AF9A5ED-682F-44C5-AF7B-B291878D4965}.Debug|x86.ActiveCfg = Debug|Win32
		{6AF9A5ED-682F-44C5-AF7B-B291878D4965}.Debug|x86.Build.0 = Debug|Win32
		{6AF9A5ED-682F-44C5-AF7B-B291878D4965}.Release|x64.ActiveCfg = Release|x64
		{6AF9A5ED-682F-44C5-AF7B-B291878D4965}.Release|x64.Build.0 = Release|x64
		{6AF9A5ED-682F-44C5-AF7B-B291878D4965}.Release|x86.ActiveCfg = Release|Win32
		{6AF9A5ED-682F-44C5-AF7B-B291878D4965}.Release|x86.Build.0 = Release|Win32
	EndGlobalSection
	GlobalSection(SolutionProperties) = preSolution
		HideSolutionNode = FALSE
	EndGlobalSection
EndGlobal
